{
  "lockfileVersion": 1,
  "configVersion": 1,
  "workspaces": {
    "": {
      "name": "kunge2013-danger-x-to-markdown-scripts",
      "dependencies": {
        "kunge2013-chrome-cdp": "^0.1.0",
      },
    },
  },
  "packages": {
    "kunge2013-chrome-cdp": ["kunge2013-chrome-cdp@0.1.0", "", {}, "sha512-Hk1yolVrlIlzMCKXjc21yAJP0dttun+SaPRcW7HL9/mmwZ9kedQ6fFgxf8M91I+/Fe348sPbdYVhSAmYHzVunQ=="],
  }
}
